
Microsoft Visual Studio Solution File, Format Version 12.00
# Visual Studio 15
Project("{FAE04EC0-301F-11D3-BF4B-00C04F79EFBC}") = "UnityEngine.UI", "UnityEngine.UI.csproj", "{C8DA974E-1B47-BC8E-E6A8-7BF55A8B1A61}"
EndProject
Project("{FAE04EC0-301F-11D3-BF4B-00C04F79EFBC}") = "UnityEngine.UI.Tests", "UnityEngine.UI.Tests.csproj", "{0FC402ED-E14D-5FEF-50DF-8B1AE2187ABD}"
EndProject
Project("{FAE04EC0-301F-11D3-BF4B-00C04F79EFBC}") = "Unity.TextMeshPro", "Unity.TextMeshPro.csproj", "{6BDD718D-DD40-BA42-A075-6F69D1193500}"
EndProject
Project("{FAE04EC0-301F-11D3-BF4B-00C04F79EFBC}") = "Unity.Timeline", "Unity.Timeline.csproj", "{5D460F58-CAFD-D707-25EA-19248DE840F7}"
EndProject
Project("{FAE04EC0-301F-11D3-BF4B-00C04F79EFBC}") = "Unity.TextMeshPro.Tests", "Unity.TextMeshPro.Tests.csproj", "{15DA03E8-DDA1-C709-6195-66B145698563}"
EndProject
Project("{FAE04EC0-301F-11D3-BF4B-00C04F79EFBC}") = "Assembly-CSharp", "Assembly-CSharp.csproj", "{12F44184-A422-5F27-22E6-507969043F15}"
EndProject
Project("{FAE04EC0-301F-11D3-BF4B-00C04F79EFBC}") = "Unity.Timeline.Editor", "Unity.Timeline.Editor.csproj", "{B45C3D83-07BD-945D-FFA3-9EEDBA5FF57E}"
EndProject
Project("{FAE04EC0-301F-11D3-BF4B-00C04F79EFBC}") = "Unity.TextMeshPro.Editor", "Unity.TextMeshPro.Editor.csproj", "{645366FD-63C9-63E1-6596-4C20AD8E4434}"
EndProject
Project("{FAE04EC0-301F-11D3-BF4B-00C04F79EFBC}") = "DocCodeExamples", "DocCodeExamples.csproj", "{6DFE4149-8BEB-239F-9558-392A88540CF8}"
EndProject
Project("{FAE04EC0-301F-11D3-BF4B-00C04F79EFBC}") = "Unity.Cursor.Editor", "Unity.Cursor.Editor.csproj", "{126860D1-AF8C-FB5E-35DC-E9DEDEE87B8C}"
EndProject
Project("{FAE04EC0-301F-11D3-BF4B-00C04F79EFBC}") = "UnityEditor.UI.EditorTests", "UnityEditor.UI.EditorTests.csproj", "{6F297391-E2C1-2A63-38FC-5C86AD91008C}"
EndProject
Project("{FAE04EC0-301F-11D3-BF4B-00C04F79EFBC}") = "UnityEditor.UI", "UnityEditor.UI.csproj", "{3AA710AA-B60F-C507-FCCE-BC576A35745B}"
EndProject
Project("{FAE04EC0-301F-11D3-BF4B-00C04F79EFBC}") = "Unity.TextMeshPro.Editor.Tests", "Unity.TextMeshPro.Editor.Tests.csproj", "{8D59030A-8F9A-E72B-DA60-30069457D1D5}"
EndProject
Global
	GlobalSection(SolutionConfigurationPlatforms) = preSolution
		Debug|Any CPU = Debug|Any CPU
		Release|Any CPU = Release|Any CPU
	EndGlobalSection
	GlobalSection(ProjectConfigurationPlatforms) = postSolution
		{C8DA974E-1B47-BC8E-E6A8-7BF55A8B1A61}.Debug|Any CPU.ActiveCfg = Debug|Any CPU
		{C8DA974E-1B47-BC8E-E6A8-7BF55A8B1A61}.Debug|Any CPU.Build.0 = Debug|Any CPU
		{C8DA974E-1B47-BC8E-E6A8-7BF55A8B1A61}.Release|Any CPU.ActiveCfg = Release|Any CPU
		{C8DA974E-1B47-BC8E-E6A8-7BF55A8B1A61}.Release|Any CPU.Build.0 = Release|Any CPU
		{0FC402ED-E14D-5FEF-50DF-8B1AE2187ABD}.Debug|Any CPU.ActiveCfg = Debug|Any CPU
		{0FC402ED-E14D-5FEF-50DF-8B1AE2187ABD}.Debug|Any CPU.Build.0 = Debug|Any CPU
		{0FC402ED-E14D-5FEF-50DF-8B1AE2187ABD}.Release|Any CPU.ActiveCfg = Release|Any CPU
		{0FC402ED-E14D-5FEF-50DF-8B1AE2187ABD}.Release|Any CPU.Build.0 = Release|Any CPU
		{6BDD718D-DD40-BA42-A075-6F69D1193500}.Debug|Any CPU.ActiveCfg = Debug|Any CPU
		{6BDD718D-DD40-BA42-A075-6F69D1193500}.Debug|Any CPU.Build.0 = Debug|Any CPU
		{6BDD718D-DD40-BA42-A075-6F69D1193500}.Release|Any CPU.ActiveCfg = Release|Any CPU
		{6BDD718D-DD40-BA42-A075-6F69D1193500}.Release|Any CPU.Build.0 = Release|Any CPU
		{5D460F58-CAFD-D707-25EA-19248DE840F7}.Debug|Any CPU.ActiveCfg = Debug|Any CPU
		{5D460F58-CAFD-D707-25EA-19248DE840F7}.Debug|Any CPU.Build.0 = Debug|Any CPU
		{5D460F58-CAFD-D707-25EA-19248DE840F7}.Release|Any CPU.ActiveCfg = Release|Any CPU
		{5D460F58-CAFD-D707-25EA-19248DE840F7}.Release|Any CPU.Build.0 = Release|Any CPU
		{15DA03E8-DDA1-C709-6195-66B145698563}.Debug|Any CPU.ActiveCfg = Debug|Any CPU
		{15DA03E8-DDA1-C709-6195-66B145698563}.Debug|Any CPU.Build.0 = Debug|Any CPU
		{15DA03E8-DDA1-C709-6195-66B145698563}.Release|Any CPU.ActiveCfg = Release|Any CPU
		{15DA03E8-DDA1-C709-6195-66B145698563}.Release|Any CPU.Build.0 = Release|Any CPU
		{12F44184-A422-5F27-22E6-507969043F15}.Debug|Any CPU.ActiveCfg = Debug|Any CPU
		{12F44184-A422-5F27-22E6-507969043F15}.Debug|Any CPU.Build.0 = Debug|Any CPU
		{12F44184-A422-5F27-22E6-507969043F15}.Release|Any CPU.ActiveCfg = Release|Any CPU
		{12F44184-A422-5F27-22E6-507969043F15}.Release|Any CPU.Build.0 = Release|Any CPU
		{B45C3D83-07BD-945D-FFA3-9EEDBA5FF57E}.Debug|Any CPU.ActiveCfg = Debug|Any CPU
		{B45C3D83-07BD-945D-FFA3-9EEDBA5FF57E}.Debug|Any CPU.Build.0 = Debug|Any CPU
		{B45C3D83-07BD-945D-FFA3-9EEDBA5FF57E}.Release|Any CPU.ActiveCfg = Release|Any CPU
		{B45C3D83-07BD-945D-FFA3-9EEDBA5FF57E}.Release|Any CPU.Build.0 = Release|Any CPU
		{645366FD-63C9-63E1-6596-4C20AD8E4434}.Debug|Any CPU.ActiveCfg = Debug|Any CPU
		{645366FD-63C9-63E1-6596-4C20AD8E4434}.Debug|Any CPU.Build.0 = Debug|Any CPU
		{645366FD-63C9-63E1-6596-4C20AD8E4434}.Release|Any CPU.ActiveCfg = Release|Any CPU
		{645366FD-63C9-63E1-6596-4C20AD8E4434}.Release|Any CPU.Build.0 = Release|Any CPU
		{6DFE4149-8BEB-239F-9558-392A88540CF8}.Debug|Any CPU.ActiveCfg = Debug|Any CPU
		{6DFE4149-8BEB-239F-9558-392A88540CF8}.Debug|Any CPU.Build.0 = Debug|Any CPU
		{6DFE4149-8BEB-239F-9558-392A88540CF8}.Release|Any CPU.ActiveCfg = Release|Any CPU
		{6DFE4149-8BEB-239F-9558-392A88540CF8}.Release|Any CPU.Build.0 = Release|Any CPU
		{126860D1-AF8C-FB5E-35DC-E9DEDEE87B8C}.Debug|Any CPU.ActiveCfg = Debug|Any CPU
		{126860D1-AF8C-FB5E-35DC-E9DEDEE87B8C}.Debug|Any CPU.Build.0 = Debug|Any CPU
		{126860D1-AF8C-FB5E-35DC-E9DEDEE87B8C}.Release|Any CPU.ActiveCfg = Release|Any CPU
		{126860D1-AF8C-FB5E-35DC-E9DEDEE87B8C}.Release|Any CPU.Build.0 = Release|Any CPU
		{6F297391-E2C1-2A63-38FC-5C86AD91008C}.Debug|Any CPU.ActiveCfg = Debug|Any CPU
		{6F297391-E2C1-2A63-38FC-5C86AD91008C}.Debug|Any CPU.Build.0 = Debug|Any CPU
		{6F297391-E2C1-2A63-38FC-5C86AD91008C}.Release|Any CPU.ActiveCfg = Release|Any CPU
		{6F297391-E2C1-2A63-38FC-5C86AD91008C}.Release|Any CPU.Build.0 = Release|Any CPU
		{3AA710AA-B60F-C507-FCCE-BC576A35745B}.Debug|Any CPU.ActiveCfg = Debug|Any CPU
		{3AA710AA-B60F-C507-FCCE-BC576A35745B}.Debug|Any CPU.Build.0 = Debug|Any CPU
		{3AA710AA-B60F-C507-FCCE-BC576A35745B}.Release|Any CPU.ActiveCfg = Release|Any CPU
		{3AA710AA-B60F-C507-FCCE-BC576A35745B}.Release|Any CPU.Build.0 = Release|Any CPU
		{8D59030A-8F9A-E72B-DA60-30069457D1D5}.Debug|Any CPU.ActiveCfg = Debug|Any CPU
		{8D59030A-8F9A-E72B-DA60-30069457D1D5}.Debug|Any CPU.Build.0 = Debug|Any CPU
		{8D59030A-8F9A-E72B-DA60-30069457D1D5}.Release|Any CPU.ActiveCfg = Release|Any CPU
		{8D59030A-8F9A-E72B-DA60-30069457D1D5}.Release|Any CPU.Build.0 = Release|Any CPU
	EndGlobalSection
	GlobalSection(SolutionProperties) = preSolution
		HideSolutionNode = FALSE
	EndGlobalSection
EndGlobal
